
Microsoft Visual Studio Solution File, Format Version 12.00
# Visual Studio 15
VisualStudioVersion = 15.0.28307.1082
MinimumVisualStudioVersion = 10.0.40219.1
Project("{FAE04EC0-301F-11D3-BF4B-00C04F79EFBC}") = "MediaPlayer", "MediaPlayer\MediaPlayer.csproj", "{09B05BE2-BB28-4F78-969F-3AAFEF0F6E2D}"
EndProject
Global
	GlobalSection(SolutionConfigurationPlatforms) = preSolution
		Debug|Any CPU = Debug|Any CPU
		Release|Any CPU = Release|Any CPU
	EndGlobalSection
	GlobalSection(ProjectConfigurationPlatforms) = postSolution
		{09B05BE2-BB28-4F78-969F-3AAFEF0F6E2D}.Debug|Any CPU.ActiveCfg = Debug|Any CPU
		{09B05BE2-BB28-4F78-969F-3AAFEF0F6E2D}.Debug|Any CPU.Build.0 = Debug|Any CPU
		{09B05BE2-BB28-4F78-969F-3AAFEF0F6E2D}.Release|Any CPU.ActiveCfg = Release|Any CPU
		{09B05BE2-BB28-4F78-969F-3AAFEF0F6E2D}.Release|Any CPU.Build.0 = Release|Any CPU
	EndGlobalSection
	GlobalSection(SolutionProperties) = preSolution
		HideSolutionNode = FALSE
	EndGlobalSection
	GlobalSection(ExtensibilityGlobals) = postSolution
		SolutionGuid = {BE454B2C-18CC-4B40-AFFE-577927E59582}
	EndGlobalSection
EndGlobal
